
Microsoft Visual Studio Solution File, Format Version 12.00
# Visual Studio Version 17
VisualStudioVersion = 17.9.34728.123
MinimumVisualStudioVersion = 10.0.40219.1
Project("{FAE04EC0-301F-11D3-BF4B-00C04F79EFBC}") = "bazy", "bazy.csproj", "{C2F1D5E4-DC2D-4887-9385-BF5E29088954}"
EndProject
Global
	GlobalSection(SolutionConfigurationPlatforms) = preSolution
		Debug|Any CPU = Debug|Any CPU
		Release|Any CPU = Release|Any CPU
	EndGlobalSection
	GlobalSection(ProjectConfigurationPlatforms) = postSolution
		{C2F1D5E4-DC2D-4887-9385-BF5E29088954}.Debug|Any CPU.ActiveCfg = Debug|Any CPU
		{C2F1D5E4-DC2D-4887-9385-BF5E29088954}.Debug|Any CPU.Build.0 = Debug|Any CPU
		{C2F1D5E4-DC2D-4887-9385-BF5E29088954}.Release|Any CPU.ActiveCfg = Release|Any CPU
		{C2F1D5E4-DC2D-4887-9385-BF5E29088954}.Release|Any CPU.Build.0 = Release|Any CPU
	EndGlobalSection
	GlobalSection(SolutionProperties) = preSolution
		HideSolutionNode = FALSE
	EndGlobalSection
	GlobalSection(ExtensibilityGlobals) = postSolution
		SolutionGuid = {C8C454BB-5BD9-488E-92F7-883B903DAEF2}
	EndGlobalSection
EndGlobal
